
Microsoft Visual Studio Solution File, Format Version 12.00
# Visual Studio 15
VisualStudioVersion = 15.0.26430.16
MinimumVisualStudioVersion = 10.0.40219.1
Project("{FAE04EC0-301F-11D3-BF4B-00C04F79EFBC}") = "KbParser", "KbParser.csproj", "{AB8BC515-5FCF-49EF-8810-FC96A5F13936}"
EndProject
Project("{FAE04EC0-301F-11D3-BF4B-00C04F79EFBC}") = "Test", "..\Test\Test.csproj", "{D6FFF1E8-5780-4D34-97F2-4DB1D2B22809}"
EndProject
Global
	GlobalSection(SolutionConfigurationPlatforms) = preSolution
		Debug|Any CPU = Debug|Any CPU
		Release|Any CPU = Release|Any CPU
	EndGlobalSection
	GlobalSection(ProjectConfigurationPlatforms) = postSolution
		{AB8BC515-5FCF-49EF-8810-FC96A5F13936}.Debug|Any CPU.ActiveCfg = Debug|Any CPU
		{AB8BC515-5FCF-49EF-8810-FC96A5F13936}.Debug|Any CPU.Build.0 = Debug|Any CPU
		{AB8BC515-5FCF-49EF-8810-FC96A5F13936}.Release|Any CPU.ActiveCfg = Release|Any CPU
		{AB8BC515-5FCF-49EF-8810-FC96A5F13936}.Release|Any CPU.Build.0 = Release|Any CPU
		{D6FFF1E8-5780-4D34-97F2-4DB1D2B22809}.Debug|Any CPU.ActiveCfg = Debug|Any CPU
		{D6FFF1E8-5780-4D34-97F2-4DB1D2B22809}.Debug|Any CPU.Build.0 = Debug|Any CPU
		{D6FFF1E8-5780-4D34-97F2-4DB1D2B22809}.Release|Any CPU.ActiveCfg = Release|Any CPU
		{D6FFF1E8-5780-4D34-97F2-4DB1D2B22809}.Release|Any CPU.Build.0 = Release|Any CPU
	EndGlobalSection
	GlobalSection(SolutionProperties) = preSolution
		HideSolutionNode = FALSE
	EndGlobalSection
EndGlobal
